
Microsoft Visual Studio Solution File, Format Version 12.00
# Visual Studio Version 17
VisualStudioVersion = 17.0.31903.59
MinimumVisualStudioVersion = 10.0.40219.1
Project("{2150E333-8FDC-42A3-9474-1A3956D46DE8}") = "src", "src", "{827E0CD3-B72D-47B6-A68D-7590B98EB39B}"
EndProject
Project("{2150E333-8FDC-42A3-9474-1A3956D46DE8}") = "1-entrypoint", "1-entrypoint", "{58A5F5F2-CB74-6B77-A00C-8C6C506E0081}"
EndProject
Project("{FAE04EC0-301F-11D3-BF4B-00C04F79EFBC}") = "EventSourcing.WebApi", "src\EventSourcing.WebApi\EventSourcing.WebApi.csproj", "{09F84E38-BFAB-4227-8418-21B51285E3BE}"
EndProject
Project("{2150E333-8FDC-42A3-9474-1A3956D46DE8}") = "2-core", "2-core", "{2B0440DA-D86D-3D00-F1BD-1B06230245C5}"
EndProject
Project("{FAE04EC0-301F-11D3-BF4B-00C04F79EFBC}") = "EventSourcing.Domain", "src\EventSourcing.Domain\EventSourcing.Domain.csproj", "{99263BC8-7B8A-4F9C-BAF6-109EFA560B9F}"
EndProject
Project("{FAE04EC0-301F-11D3-BF4B-00C04F79EFBC}") = "EventSourcing.Application", "src\EventSourcing.Application\EventSourcing.Application.csproj", "{594BE155-0FF1-4752-A299-BFC931D50E4E}"
EndProject
Project("{2150E333-8FDC-42A3-9474-1A3956D46DE8}") = "3-infrastructure", "3-infrastructure", "{053280B6-FA45-144F-A15D-3FC079E96F3C}"
EndProject
Project("{FAE04EC0-301F-11D3-BF4B-00C04F79EFBC}") = "EventSourcing.Infrastructure", "src\EventSourcing.Infrastructure\EventSourcing.Infrastructure.csproj", "{B0FAC18C-A645-4561-BF0C-74F249AD917D}"
EndProject
Project("{FAE04EC0-301F-11D3-BF4B-00C04F79EFBC}") = "EventSourcing.WebApi.Tests", "src\EventSourcing.WebApi.Tests\EventSourcing.WebApi.Tests.csproj", "{86723AD1-A587-4B36-B852-4D0300E3A354}"
EndProject
Project("{FAE04EC0-301F-11D3-BF4B-00C04F79EFBC}") = "EventSourcing.Domain.Tests", "src\EventSourcing.Domain.Tests\EventSourcing.Domain.Tests.csproj", "{859AE402-E1CB-4E32-B0D2-4BF80DF53D13}"
EndProject
Project("{FAE04EC0-301F-11D3-BF4B-00C04F79EFBC}") = "EventSourcing.Application.Tests", "src\EventSourcing.Application.Tests\EventSourcing.Application.Tests.csproj", "{A1EBF2BF-CC8F-4599-AB38-312376D6BE36}"
EndProject
Project("{FAE04EC0-301F-11D3-BF4B-00C04F79EFBC}") = "EventSourcing.Infrastructure.Tests", "src\EventSourcing.Infrastructure.Tests\EventSourcing.Infrastructure.Tests.csproj", "{73FE8CAC-C701-435C-830E-9B6EC3261DEF}"
EndProject
Global
	GlobalSection(SolutionConfigurationPlatforms) = preSolution
		Debug|Any CPU = Debug|Any CPU
		Debug|x64 = Debug|x64
		Debug|x86 = Debug|x86
		Release|Any CPU = Release|Any CPU
		Release|x64 = Release|x64
		Release|x86 = Release|x86
	EndGlobalSection
	GlobalSection(ProjectConfigurationPlatforms) = postSolution
		{09F84E38-BFAB-4227-8418-21B51285E3BE}.Debug|Any CPU.ActiveCfg = Debug|Any CPU
		{09F84E38-BFAB-4227-8418-21B51285E3BE}.Debug|Any CPU.Build.0 = Debug|Any CPU
		{09F84E38-BFAB-4227-8418-21B51285E3BE}.Debug|x64.ActiveCfg = Debug|Any CPU
		{09F84E38-BFAB-4227-8418-21B51285E3BE}.Debug|x64.Build.0 = Debug|Any CPU
		{09F84E38-BFAB-4227-8418-21B51285E3BE}.Debug|x86.ActiveCfg = Debug|Any CPU
		{09F84E38-BFAB-4227-8418-21B51285E3BE}.Debug|x86.Build.0 = Debug|Any CPU
		{09F84E38-BFAB-4227-8418-21B51285E3BE}.Release|Any CPU.ActiveCfg = Release|Any CPU
		{09F84E38-BFAB-4227-8418-21B51285E3BE}.Release|Any CPU.Build.0 = Release|Any CPU
		{09F84E38-BFAB-4227-8418-21B51285E3BE}.Release|x64.ActiveCfg = Release|Any CPU
		{09F84E38-BFAB-4227-8418-21B51285E3BE}.Release|x64.Build.0 = Release|Any CPU
		{09F84E38-BFAB-4227-8418-21B51285E3BE}.Release|x86.ActiveCfg = Release|Any CPU
		{09F84E38-BFAB-4227-8418-21B51285E3BE}.Release|x86.Build.0 = Release|Any CPU
		{99263BC8-7B8A-4F9C-BAF6-109EFA560B9F}.Debug|Any CPU.ActiveCfg = Debug|Any CPU
		{99263BC8-7B8A-4F9C-BAF6-109EFA560B9F}.Debug|Any CPU.Build.0 = Debug|Any CPU
		{99263BC8-7B8A-4F9C-BAF6-109EFA560B9F}.Debug|x64.ActiveCfg = Debug|Any CPU
		{99263BC8-7B8A-4F9C-BAF6-109EFA560B9F}.Debug|x64.Build.0 = Debug|Any CPU
		{99263BC8-7B8A-4F9C-BAF6-109EFA560B9F}.Debug|x86.ActiveCfg = Debug|Any CPU
		{99263BC8-7B8A-4F9C-BAF6-109EFA560B9F}.Debug|x86.Build.0 = Debug|Any CPU
		{99263BC8-7B8A-4F9C-BAF6-109EFA560B9F}.Release|Any CPU.ActiveCfg = Release|Any CPU
		{99263BC8-7B8A-4F9C-BAF6-109EFA560B9F}.Release|Any CPU.Build.0 = Release|Any CPU
		{99263BC8-7B8A-4F9C-BAF6-109EFA560B9F}.Release|x64.ActiveCfg = Release|Any CPU
		{99263BC8-7B8A-4F9C-BAF6-109EFA560B9F}.Release|x64.Build.0 = Release|Any CPU
		{99263BC8-7B8A-4F9C-BAF6-109EFA560B9F}.Release|x86.ActiveCfg = Release|Any CPU
		{99263BC8-7B8A-4F9C-BAF6-109EFA560B9F}.Release|x86.Build.0 = Release|Any CPU
		{594BE155-0FF1-4752-A299-BFC931D50E4E}.Debug|Any CPU.ActiveCfg = Debug|Any CPU
		{594BE155-0FF1-4752-A299-BFC931D50E4E}.Debug|Any CPU.Build.0 = Debug|Any CPU
		{594BE155-0FF1-4752-A299-BFC931D50E4E}.Debug|x64.ActiveCfg = Debug|Any CPU
		{594BE155-0FF1-4752-A299-BFC931D50E4E}.Debug|x64.Build.0 = Debug|Any CPU
		{594BE155-0FF1-4752-A299-BFC931D50E4E}.Debug|x86.ActiveCfg = Debug|Any CPU
		{594BE155-0FF1-4752-A299-BFC931D50E4E}.Debug|x86.Build.0 = Debug|Any CPU
		{594BE155-0FF1-4752-A299-BFC931D50E4E}.Release|Any CPU.ActiveCfg = Release|Any CPU
		{594BE155-0FF1-4752-A299-BFC931D50E4E}.Release|Any CPU.Build.0 = Release|Any CPU
		{594BE155-0FF1-4752-A299-BFC931D50E4E}.Release|x64.ActiveCfg = Release|Any CPU
		{594BE155-0FF1-4752-A299-BFC931D50E4E}.Release|x64.Build.0 = Release|Any CPU
		{594BE155-0FF1-4752-A299-BFC931D50E4E}.Release|x86.ActiveCfg = Release|Any CPU
		{594BE155-0FF1-4752-A299-BFC931D50E4E}.Release|x86.Build.0 = Release|Any CPU
		{B0FAC18C-A645-4561-BF0C-74F249AD917D}.Debug|Any CPU.ActiveCfg = Debug|Any CPU
		{B0FAC18C-A645-4561-BF0C-74F249AD917D}.Debug|Any CPU.Build.0 = Debug|Any CPU
		{B0FAC18C-A645-4561-BF0C-74F249AD917D}.Debug|x64.ActiveCfg = Debug|Any CPU
		{B0FAC18C-A645-4561-BF0C-74F249AD917D}.Debug|x64.Build.0 = Debug|Any CPU
		{B0FAC18C-A645-4561-BF0C-74F249AD917D}.Debug|x86.ActiveCfg = Debug|Any CPU
		{B0FAC18C-A645-4561-BF0C-74F249AD917D}.Debug|x86.Build.0 = Debug|Any CPU
		{B0FAC18C-A645-4561-BF0C-74F249AD917D}.Release|Any CPU.ActiveCfg = Release|Any CPU
		{B0FAC18C-A645-4561-BF0C-74F249AD917D}.Release|Any CPU.Build.0 = Release|Any CPU
		{B0FAC18C-A645-4561-BF0C-74F249AD917D}.Release|x64.ActiveCfg = Release|Any CPU
		{B0FAC18C-A645-4561-BF0C-74F249AD917D}.Release|x64.Build.0 = Release|Any CPU
		{B0FAC18C-A645-4561-BF0C-74F249AD917D}.Release|x86.ActiveCfg = Release|Any CPU
		{B0FAC18C-A645-4561-BF0C-74F249AD917D}.Release|x86.Build.0 = Release|Any CPU
		{86723AD1-A587-4B36-B852-4D0300E3A354}.Debug|Any CPU.ActiveCfg = Debug|Any CPU
		{86723AD1-A587-4B36-B852-4D0300E3A354}.Debug|Any CPU.Build.0 = Debug|Any CPU
		{86723AD1-A587-4B36-B852-4D0300E3A354}.Debug|x64.ActiveCfg = Debug|Any CPU
		{86723AD1-A587-4B36-B852-4D0300E3A354}.Debug|x64.Build.0 = Debug|Any CPU
		{86723AD1-A587-4B36-B852-4D0300E3A354}.Debug|x86.ActiveCfg = Debug|Any CPU
		{86723AD1-A587-4B36-B852-4D0300E3A354}.Debug|x86.Build.0 = Debug|Any CPU
		{86723AD1-A587-4B36-B852-4D0300E3A354}.Release|Any CPU.ActiveCfg = Release|Any CPU
		{86723AD1-A587-4B36-B852-4D0300E3A354}.Release|Any CPU.Build.0 = Release|Any CPU
		{86723AD1-A587-4B36-B852-4D0300E3A354}.Release|x64.ActiveCfg = Release|Any CPU
		{86723AD1-A587-4B36-B852-4D0300E3A354}.Release|x64.Build.0 = Release|Any CPU
		{86723AD1-A587-4B36-B852-4D0300E3A354}.Release|x86.ActiveCfg = Release|Any CPU
		{86723AD1-A587-4B36-B852-4D0300E3A354}.Release|x86.Build.0 = Release|Any CPU
		{859AE402-E1CB-4E32-B0D2-4BF80DF53D13}.Debug|Any CPU.ActiveCfg = Debug|Any CPU
		{859AE402-E1CB-4E32-B0D2-4BF80DF53D13}.Debug|Any CPU.Build.0 = Debug|Any CPU
		{859AE402-E1CB-4E32-B0D2-4BF80DF53D13}.Debug|x64.ActiveCfg = Debug|Any CPU
		{859AE402-E1CB-4E32-B0D2-4BF80DF53D13}.Debug|x64.Build.0 = Debug|Any CPU
		{859AE402-E1CB-4E32-B0D2-4BF80DF53D13}.Debug|x86.ActiveCfg = Debug|Any CPU
		{859AE402-E1CB-4E32-B0D2-4BF80DF53D13}.Debug|x86.Build.0 = Debug|Any CPU
		{859AE402-E1CB-4E32-B0D2-4BF80DF53D13}.Release|Any CPU.ActiveCfg = Release|Any CPU
		{859AE402-E1CB-4E32-B0D2-4BF80DF53D13}.Release|Any CPU.Build.0 = Release|Any CPU
		{859AE402-E1CB-4E32-B0D2-4BF80DF53D13}.Release|x64.ActiveCfg = Release|Any CPU
		{859AE402-E1CB-4E32-B0D2-4BF80DF53D13}.Release|x64.Build.0 = Release|Any CPU
		{859AE402-E1CB-4E32-B0D2-4BF80DF53D13}.Release|x86.ActiveCfg = Release|Any CPU
		{859AE402-E1CB-4E32-B0D2-4BF80DF53D13}.Release|x86.Build.0 = Release|Any CPU
		{A1EBF2BF-CC8F-4599-AB38-312376D6BE36}.Debug|Any CPU.ActiveCfg = Debug|Any CPU
		{A1EBF2BF-CC8F-4599-AB38-312376D6BE36}.Debug|Any CPU.Build.0 = Debug|Any CPU
		{A1EBF2BF-CC8F-4599-AB38-312376D6BE36}.Debug|x64.ActiveCfg = Debug|Any CPU
		{A1EBF2BF-CC8F-4599-AB38-312376D6BE36}.Debug|x64.Build.0 = Debug|Any CPU
		{A1EBF2BF-CC8F-4599-AB38-312376D6BE36}.Debug|x86.ActiveCfg = Debug|Any CPU
		{A1EBF2BF-CC8F-4599-AB38-312376D6BE36}.Debug|x86.Build.0 = Debug|Any CPU
		{A1EBF2BF-CC8F-4599-AB38-312376D6BE36}.Release|Any CPU.ActiveCfg = Release|Any CPU
		{A1EBF2BF-CC8F-4599-AB38-312376D6BE36}.Release|Any CPU.Build.0 = Release|Any CPU
		{A1EBF2BF-CC8F-4599-AB38-312376D6BE36}.Release|x64.ActiveCfg = Release|Any CPU
		{A1EBF2BF-CC8F-4599-AB38-312376D6BE36}.Release|x64.Build.0 = Release|Any CPU
		{A1EBF2BF-CC8F-4599-AB38-312376D6BE36}.Release|x86.ActiveCfg = Release|Any CPU
		{A1EBF2BF-CC8F-4599-AB38-312376D6BE36}.Release|x86.Build.0 = Release|Any CPU
		{73FE8CAC-C701-435C-830E-9B6EC3261DEF}.Debug|Any CPU.ActiveCfg = Debug|Any CPU
		{73FE8CAC-C701-435C-830E-9B6EC3261DEF}.Debug|Any CPU.Build.0 = Debug|Any CPU
		{73FE8CAC-C701-435C-830E-9B6EC3261DEF}.Debug|x64.ActiveCfg = Debug|Any CPU
		{73FE8CAC-C701-435C-830E-9B6EC3261DEF}.Debug|x64.Build.0 = Debug|Any CPU
		{73FE8CAC-C701-435C-830E-9B6EC3261DEF}.Debug|x86.ActiveCfg = Debug|Any CPU
		{73FE8CAC-C701-435C-830E-9B6EC3261DEF}.Debug|x86.Build.0 = Debug|Any CPU
		{73FE8CAC-C701-435C-830E-9B6EC3261DEF}.Release|Any CPU.ActiveCfg = Release|Any CPU
		{73FE8CAC-C701-435C-830E-9B6EC3261DEF}.Release|Any CPU.Build.0 = Release|Any CPU
		{73FE8CAC-C701-435C-830E-9B6EC3261DEF}.Release|x64.ActiveCfg = Release|Any CPU
		{73FE8CAC-C701-435C-830E-9B6EC3261DEF}.Release|x64.Build.0 = Release|Any CPU
		{73FE8CAC-C701-435C-830E-9B6EC3261DEF}.Release|x86.ActiveCfg = Release|Any CPU
		{73FE8CAC-C701-435C-830E-9B6EC3261DEF}.Release|x86.Build.0 = Release|Any CPU
	EndGlobalSection
	GlobalSection(SolutionProperties) = preSolution
		HideSolutionNode = FALSE
	EndGlobalSection
	GlobalSection(NestedProjects) = preSolution
		{58A5F5F2-CB74-6B77-A00C-8C6C506E0081} = {827E0CD3-B72D-47B6-A68D-7590B98EB39B}
		{09F84E38-BFAB-4227-8418-21B51285E3BE} = {58A5F5F2-CB74-6B77-A00C-8C6C506E0081}
		{2B0440DA-D86D-3D00-F1BD-1B06230245C5} = {827E0CD3-B72D-47B6-A68D-7590B98EB39B}
		{99263BC8-7B8A-4F9C-BAF6-109EFA560B9F} = {2B0440DA-D86D-3D00-F1BD-1B06230245C5}
		{594BE155-0FF1-4752-A299-BFC931D50E4E} = {2B0440DA-D86D-3D00-F1BD-1B06230245C5}
		{053280B6-FA45-144F-A15D-3FC079E96F3C} = {827E0CD3-B72D-47B6-A68D-7590B98EB39B}
		{B0FAC18C-A645-4561-BF0C-74F249AD917D} = {053280B6-FA45-144F-A15D-3FC079E96F3C}
		{86723AD1-A587-4B36-B852-4D0300E3A354} = {58A5F5F2-CB74-6B77-A00C-8C6C506E0081}
		{859AE402-E1CB-4E32-B0D2-4BF80DF53D13} = {2B0440DA-D86D-3D00-F1BD-1B06230245C5}
		{A1EBF2BF-CC8F-4599-AB38-312376D6BE36} = {2B0440DA-D86D-3D00-F1BD-1B06230245C5}
		{73FE8CAC-C701-435C-830E-9B6EC3261DEF} = {053280B6-FA45-144F-A15D-3FC079E96F3C}
	EndGlobalSection
EndGlobal
